
Microsoft Visual Studio Solution File, Format Version 12.00
# Visual Studio Version 16
VisualStudioVersion = 16.0.30011.22
MinimumVisualStudioVersion = 10.0.40219.1
Project("{2150E333-8FDC-42A3-9474-1A3956D46DE8}") = "3.DAL", "3.DAL", "{6AB4CE1A-4EA0-409A-BFB4-CB0B3BE8B656}"
EndProject
Project("{2150E333-8FDC-42A3-9474-1A3956D46DE8}") = "4.COMM", "4.COMM", "{EABCD3B0-25FC-4159-A2FE-6CC4D7011D61}"
EndProject
Project("{2150E333-8FDC-42A3-9474-1A3956D46DE8}") = "5.OTHER", "5.OTHER", "{E81304A8-0D30-4F8D-930D-B07E9F2E990D}"
EndProject
Project("{2150E333-8FDC-42A3-9474-1A3956D46DE8}") = "2.BLL", "2.BLL", "{EB8FC658-8761-4654-8AD4-3ADF04663BED}"
EndProject
Project("{9A19103F-16F7-4668-BE54-9A1E7A4F7556}") = "Wangchunlai.IOCDI.IService", "Wangchunlai.IOCDI.IService\Wangchunlai.IOCDI.IService.csproj", "{90D43035-0EEE-4B79-A823-683F97994D59}"
EndProject
Project("{9A19103F-16F7-4668-BE54-9A1E7A4F7556}") = "Wangchunlai.IOCDI.Service", "Wangchunlai.IOCDI.Service\Wangchunlai.IOCDI.Service.csproj", "{C49EC247-4EF2-4FDD-BF36-8E58979477C0}"
EndProject
Project("{9A19103F-16F7-4668-BE54-9A1E7A4F7556}") = "Wangchunlai.IOCDI.Framework", "Wangchunlai.IOCDI.Framework\Wangchunlai.IOCDI.Framework.csproj", "{8A11BDD6-7653-472F-9793-391C23807BD8}"
EndProject
Project("{9A19103F-16F7-4668-BE54-9A1E7A4F7556}") = "Wangchunlai.IOCDI.IDAL", "Wangchunlai.IOCDI.IDAL\Wangchunlai.IOCDI.IDAL.csproj", "{804ADC06-5C80-44F1-9A05-5AA6EFBFEB0E}"
EndProject
Project("{9A19103F-16F7-4668-BE54-9A1E7A4F7556}") = "Wangchunlai.IOCDI.DAL", "Wangchunlai.IOCDI.DAL\Wangchunlai.IOCDI.DAL.csproj", "{DDBFE34C-83AE-470D-86CE-B5948D2B25B0}"
EndProject
Project("{9A19103F-16F7-4668-BE54-9A1E7A4F7556}") = "Wangchunlai.IOCDI.IBLL", "Wangchunlai.IOCDI.IBLL\Wangchunlai.IOCDI.IBLL.csproj", "{EAF614D3-5897-4509-9713-11B28F8A8DC3}"
EndProject
Project("{9A19103F-16F7-4668-BE54-9A1E7A4F7556}") = "Wangchunlai.IOCDI.BLL", "Wangchunlai.IOCDI.BLL\Wangchunlai.IOCDI.BLL.csproj", "{B5876FBC-8D8D-410D-A115-06EFBFBA301D}"
EndProject
Project("{2150E333-8FDC-42A3-9474-1A3956D46DE8}") = "1.Client", "1.Client", "{3AC76D7D-6BBB-4849-BB6E-2E347F2D9273}"
EndProject
Project("{FAE04EC0-301F-11D3-BF4B-00C04F79EFBC}") = "Wangchunlai.IOCDI.ConsoleProject", "Wangchunlai.IOCDI.ConsoleProject\Wangchunlai.IOCDI.ConsoleProject.csproj", "{B30B812D-FFDB-4954-A5C1-425E4145B472}"
EndProject
Global
	GlobalSection(SolutionConfigurationPlatforms) = preSolution
		Debug|Any CPU = Debug|Any CPU
		Release|Any CPU = Release|Any CPU
	EndGlobalSection
	GlobalSection(ProjectConfigurationPlatforms) = postSolution
		{90D43035-0EEE-4B79-A823-683F97994D59}.Debug|Any CPU.ActiveCfg = Debug|Any CPU
		{90D43035-0EEE-4B79-A823-683F97994D59}.Debug|Any CPU.Build.0 = Debug|Any CPU
		{90D43035-0EEE-4B79-A823-683F97994D59}.Release|Any CPU.ActiveCfg = Release|Any CPU
		{90D43035-0EEE-4B79-A823-683F97994D59}.Release|Any CPU.Build.0 = Release|Any CPU
		{C49EC247-4EF2-4FDD-BF36-8E58979477C0}.Debug|Any CPU.ActiveCfg = Debug|Any CPU
		{C49EC247-4EF2-4FDD-BF36-8E58979477C0}.Debug|Any CPU.Build.0 = Debug|Any CPU
		{C49EC247-4EF2-4FDD-BF36-8E58979477C0}.Release|Any CPU.ActiveCfg = Release|Any CPU
		{C49EC247-4EF2-4FDD-BF36-8E58979477C0}.Release|Any CPU.Build.0 = Release|Any CPU
		{8A11BDD6-7653-472F-9793-391C23807BD8}.Debug|Any CPU.ActiveCfg = Debug|Any CPU
		{8A11BDD6-7653-472F-9793-391C23807BD8}.Debug|Any CPU.Build.0 = Debug|Any CPU
		{8A11BDD6-7653-472F-9793-391C23807BD8}.Release|Any CPU.ActiveCfg = Release|Any CPU
		{8A11BDD6-7653-472F-9793-391C23807BD8}.Release|Any CPU.Build.0 = Release|Any CPU
		{804ADC06-5C80-44F1-9A05-5AA6EFBFEB0E}.Debug|Any CPU.ActiveCfg = Debug|Any CPU
		{804ADC06-5C80-44F1-9A05-5AA6EFBFEB0E}.Debug|Any CPU.Build.0 = Debug|Any CPU
		{804ADC06-5C80-44F1-9A05-5AA6EFBFEB0E}.Release|Any CPU.ActiveCfg = Release|Any CPU
		{804ADC06-5C80-44F1-9A05-5AA6EFBFEB0E}.Release|Any CPU.Build.0 = Release|Any CPU
		{DDBFE34C-83AE-470D-86CE-B5948D2B25B0}.Debug|Any CPU.ActiveCfg = Debug|Any CPU
		{DDBFE34C-83AE-470D-86CE-B5948D2B25B0}.Debug|Any CPU.Build.0 = Debug|Any CPU
		{DDBFE34C-83AE-470D-86CE-B5948D2B25B0}.Release|Any CPU.ActiveCfg = Release|Any CPU
		{DDBFE34C-83AE-470D-86CE-B5948D2B25B0}.Release|Any CPU.Build.0 = Release|Any CPU
		{EAF614D3-5897-4509-9713-11B28F8A8DC3}.Debug|Any CPU.ActiveCfg = Debug|Any CPU
		{EAF614D3-5897-4509-9713-11B28F8A8DC3}.Debug|Any CPU.Build.0 = Debug|Any CPU
		{EAF614D3-5897-4509-9713-11B28F8A8DC3}.Release|Any CPU.ActiveCfg = Release|Any CPU
		{EAF614D3-5897-4509-9713-11B28F8A8DC3}.Release|Any CPU.Build.0 = Release|Any CPU
		{B5876FBC-8D8D-410D-A115-06EFBFBA301D}.Debug|Any CPU.ActiveCfg = Debug|Any CPU
		{B5876FBC-8D8D-410D-A115-06EFBFBA301D}.Debug|Any CPU.Build.0 = Debug|Any CPU
		{B5876FBC-8D8D-410D-A115-06EFBFBA301D}.Release|Any CPU.ActiveCfg = Release|Any CPU
		{B5876FBC-8D8D-410D-A115-06EFBFBA301D}.Release|Any CPU.Build.0 = Release|Any CPU
		{B30B812D-FFDB-4954-A5C1-425E4145B472}.Debug|Any CPU.ActiveCfg = Debug|Any CPU
		{B30B812D-FFDB-4954-A5C1-425E4145B472}.Debug|Any CPU.Build.0 = Debug|Any CPU
		{B30B812D-FFDB-4954-A5C1-425E4145B472}.Release|Any CPU.ActiveCfg = Release|Any CPU
		{B30B812D-FFDB-4954-A5C1-425E4145B472}.Release|Any CPU.Build.0 = Release|Any CPU
	EndGlobalSection
	GlobalSection(SolutionProperties) = preSolution
		HideSolutionNode = FALSE
	EndGlobalSection
	GlobalSection(NestedProjects) = preSolution
		{90D43035-0EEE-4B79-A823-683F97994D59} = {E81304A8-0D30-4F8D-930D-B07E9F2E990D}
		{C49EC247-4EF2-4FDD-BF36-8E58979477C0} = {E81304A8-0D30-4F8D-930D-B07E9F2E990D}
		{8A11BDD6-7653-472F-9793-391C23807BD8} = {EABCD3B0-25FC-4159-A2FE-6CC4D7011D61}
		{804ADC06-5C80-44F1-9A05-5AA6EFBFEB0E} = {6AB4CE1A-4EA0-409A-BFB4-CB0B3BE8B656}
		{DDBFE34C-83AE-470D-86CE-B5948D2B25B0} = {6AB4CE1A-4EA0-409A-BFB4-CB0B3BE8B656}
		{EAF614D3-5897-4509-9713-11B28F8A8DC3} = {EB8FC658-8761-4654-8AD4-3ADF04663BED}
		{B5876FBC-8D8D-410D-A115-06EFBFBA301D} = {EB8FC658-8761-4654-8AD4-3ADF04663BED}
		{B30B812D-FFDB-4954-A5C1-425E4145B472} = {3AC76D7D-6BBB-4849-BB6E-2E347F2D9273}
	EndGlobalSection
	GlobalSection(ExtensibilityGlobals) = postSolution
		SolutionGuid = {51F6F6DB-972D-4FC9-B9C5-5470E6180017}
	EndGlobalSection
EndGlobal
